
Microsoft Visual Studio Solution File, Format Version 12.00
# Visual Studio Version 16
VisualStudioVersion = 16.0.29215.179
MinimumVisualStudioVersion = 10.0.40219.1
Project("{FAE04EC0-301F-11D3-BF4B-00C04F79EFBC}") = "ConsoleApp1-0923-2", "ConsoleApp1-0923-2\ConsoleApp1-0923-2.csproj", "{CD5E0056-B5B6-43B8-9357-566C9AD7152A}"
EndProject
Global
	GlobalSection(SolutionConfigurationPlatforms) = preSolution
		Debug|Any CPU = Debug|Any CPU
		Release|Any CPU = Release|Any CPU
	EndGlobalSection
	GlobalSection(ProjectConfigurationPlatforms) = postSolution
		{CD5E0056-B5B6-43B8-9357-566C9AD7152A}.Debug|Any CPU.ActiveCfg = Debug|Any CPU
		{CD5E0056-B5B6-43B8-9357-566C9AD7152A}.Debug|Any CPU.Build.0 = Debug|Any CPU
		{CD5E0056-B5B6-43B8-9357-566C9AD7152A}.Release|Any CPU.ActiveCfg = Release|Any CPU
		{CD5E0056-B5B6-43B8-9357-566C9AD7152A}.Release|Any CPU.Build.0 = Release|Any CPU
	EndGlobalSection
	GlobalSection(SolutionProperties) = preSolution
		HideSolutionNode = FALSE
	EndGlobalSection
	GlobalSection(ExtensibilityGlobals) = postSolution
		SolutionGuid = {CE643AE5-5982-4673-B6AB-532124DCCDE4}
	EndGlobalSection
EndGlobal
